// !$*UTF8*$!
{
	archiveVersion = 1;
	classes = {
	};
	objectVersion = 55;
	objects = {

/* Begin PBXBuildFile section */
		AB02FDA928A9473E001317F5 /* Sequence-Sorting.swift in Sources */ = {isa = PBXBuildFile; fileRef = AB02FDA828A9473E001317F5 /* Sequence-Sorting.swift */; };
		AB02FDAD28A94F14001317F5 /* SelectSomethingView.swift in Sources */ = {isa = PBXBuildFile; fileRef = AB02FDAC28A94F14001317F5 /* SelectSomethingView.swift */; };
		AB02FDB128AA8320001317F5 /* Bundle-Decodable.swift in Sources */ = {isa = PBXBuildFile; fileRef = AB02FDB028AA8320001317F5 /* Bundle-Decodable.swift */; };
		AB02FDB328AA8423001317F5 /* Award.swift in Sources */ = {isa = PBXBuildFile; fileRef = AB02FDB228AA8423001317F5 /* Award.swift */; };
		AB02FDB528AA84EE001317F5 /* AwardsView.swift in Sources */ = {isa = PBXBuildFile; fileRef = AB02FDB428AA84EE001317F5 /* AwardsView.swift */; };
		AB02FDB728AA9406001317F5 /* Color-Additions.swift in Sources */ = {isa = PBXBuildFile; fileRef = AB02FDB628AA9406001317F5 /* Color-Additions.swift */; };
		AB02FDBF28ABC981001317F5 /* Localizable.strings in Resources */ = {isa = PBXBuildFile; fileRef = AB02FDC128ABC981001317F5 /* Localizable.strings */; };
		AB02FDC328ABCA35001317F5 /* Localizable.stringsdict in Resources */ = {isa = PBXBuildFile; fileRef = AB02FDC528ABCA35001317F5 /* Localizable.stringsdict */; };
		AB02FDC728ABCB7C001317F5 /* Awards.json in Resources */ = {isa = PBXBuildFile; fileRef = AB02FDC928ABCB7C001317F5 /* Awards.json */; };
		AB02FDCC28ACE5EC001317F5 /* ItemList.swift in Sources */ = {isa = PBXBuildFile; fileRef = AB02FDCB28ACE5EC001317F5 /* ItemList.swift */; };
		AB02FDCE28ACE6D7001317F5 /* ProjectSummary.swift in Sources */ = {isa = PBXBuildFile; fileRef = AB02FDCD28ACE6D7001317F5 /* ProjectSummary.swift */; };
		AB08EF4D28AFAD24000B62EA /* iProjectTests.swift in Sources */ = {isa = PBXBuildFile; fileRef = AB08EF4C28AFAD24000B62EA /* iProjectTests.swift */; };
		AB08EF5428AFAF84000B62EA /* AssetTests.swift in Sources */ = {isa = PBXBuildFile; fileRef = AB08EF5328AFAF84000B62EA /* AssetTests.swift */; };
		AB08EF5628AFB209000B62EA /* ProjectTests.swift in Sources */ = {isa = PBXBuildFile; fileRef = AB08EF5528AFB209000B62EA /* ProjectTests.swift */; };
		AB08EF5828AFB563000B62EA /* AwardTests.swift in Sources */ = {isa = PBXBuildFile; fileRef = AB08EF5728AFB563000B62EA /* AwardTests.swift */; };
		AB08EF5A28B17653000B62EA /* DevelopmentTests.swift in Sources */ = {isa = PBXBuildFile; fileRef = AB08EF5928B17653000B62EA /* DevelopmentTests.swift */; };
		AB08EF5C28B26CB8000B62EA /* ExtensionTests.swift in Sources */ = {isa = PBXBuildFile; fileRef = AB08EF5B28B26CB8000B62EA /* ExtensionTests.swift */; };
		AB08EF5F28B27080000B62EA /* DecodableDictionary.json in Resources */ = {isa = PBXBuildFile; fileRef = AB08EF5E28B27080000B62EA /* DecodableDictionary.json */; };
		AB08EF6128B270AD000B62EA /* DecodableString.json in Resources */ = {isa = PBXBuildFile; fileRef = AB08EF6028B270AD000B62EA /* DecodableString.json */; };
		AB08EF6328B27897000B62EA /* PerformanceTests.swift in Sources */ = {isa = PBXBuildFile; fileRef = AB08EF6228B27897000B62EA /* PerformanceTests.swift */; };
		AB08EF6B28B27F0C000B62EA /* iProjectUITests.swift in Sources */ = {isa = PBXBuildFile; fileRef = AB08EF6A28B27F0C000B62EA /* iProjectUITests.swift */; };
		AB08EF6D28B27F0C000B62EA /* iProjectUITestsLaunchTests.swift in Sources */ = {isa = PBXBuildFile; fileRef = AB08EF6C28B27F0C000B62EA /* iProjectUITestsLaunchTests.swift */; };
		AB08EF7428B38403000B62EA /* ProjectsViewModel.swift in Sources */ = {isa = PBXBuildFile; fileRef = AB08EF7328B38403000B62EA /* ProjectsViewModel.swift */; };
		AB08EF7628B39091000B62EA /* HomeViewModel.swift in Sources */ = {isa = PBXBuildFile; fileRef = AB08EF7528B39091000B62EA /* HomeViewModel.swift */; };
		ABA4C48F28A65D9600524F35 /* iProjectApp.swift in Sources */ = {isa = PBXBuildFile; fileRef = ABA4C48E28A65D9600524F35 /* iProjectApp.swift */; };
		ABA4C49128A65D9600524F35 /* ContentView.swift in Sources */ = {isa = PBXBuildFile; fileRef = ABA4C49028A65D9600524F35 /* ContentView.swift */; };
		ABA4C49328A65D9700524F35 /* Assets.xcassets in Resources */ = {isa = PBXBuildFile; fileRef = ABA4C49228A65D9700524F35 /* Assets.xcassets */; };
		ABA4C49628A65D9700524F35 /* Preview Assets.xcassets in Resources */ = {isa = PBXBuildFile; fileRef = ABA4C49528A65D9700524F35 /* Preview Assets.xcassets */; };
		ABA4C49E28A65E0300524F35 /* Main.xcdatamodeld in Sources */ = {isa = PBXBuildFile; fileRef = ABA4C49C28A65E0300524F35 /* Main.xcdatamodeld */; };
		ABA4C4A028A6606600524F35 /* DataController.swift in Sources */ = {isa = PBXBuildFile; fileRef = ABA4C49F28A6606600524F35 /* DataController.swift */; };
		ABA4C4A228A6667700524F35 /* HomeView.swift in Sources */ = {isa = PBXBuildFile; fileRef = ABA4C4A128A6667700524F35 /* HomeView.swift */; };
		ABA4C4A428A666EE00524F35 /* ProjectsView.swift in Sources */ = {isa = PBXBuildFile; fileRef = ABA4C4A328A666EE00524F35 /* ProjectsView.swift */; };
		ABA4C4A928A7F19C00524F35 /* EditItemView.swift in Sources */ = {isa = PBXBuildFile; fileRef = ABA4C4A828A7F19C00524F35 /* EditItemView.swift */; };
		ABA4C4AB28A7F72800524F35 /* ItemRow.swift in Sources */ = {isa = PBXBuildFile; fileRef = ABA4C4AA28A7F72800524F35 /* ItemRow.swift */; };
		ABA4C4AE28A7F86C00524F35 /* Item-CoreDataHelpers.swift in Sources */ = {isa = PBXBuildFile; fileRef = ABA4C4AD28A7F86C00524F35 /* Item-CoreDataHelpers.swift */; };
		ABA4C4B128A7F91A00524F35 /* Project-CoreDataHelpers.swift in Sources */ = {isa = PBXBuildFile; fileRef = ABA4C4B028A7F91A00524F35 /* Project-CoreDataHelpers.swift */; };
		ABA4C4B328A7FD5300524F35 /* Binding-onChange.swift in Sources */ = {isa = PBXBuildFile; fileRef = ABA4C4B228A7FD5300524F35 /* Binding-onChange.swift */; };
		ABA4C4B528A800F600524F35 /* ProjectHeader.swift in Sources */ = {isa = PBXBuildFile; fileRef = ABA4C4B428A800F600524F35 /* ProjectHeader.swift */; };
		ABA4C4DC28A8040400524F35 /* Colors.xcassets in Resources */ = {isa = PBXBuildFile; fileRef = ABA4C4DB28A8040400524F35 /* Colors.xcassets */; };
		ABA4C4DE28A804DE00524F35 /* EditProjectView.swift in Sources */ = {isa = PBXBuildFile; fileRef = ABA4C4DD28A804DE00524F35 /* EditProjectView.swift */; };
/* End PBXBuildFile section */

/* Begin PBXContainerItemProxy section */
		AB08EF4E28AFAD24000B62EA /* PBXContainerItemProxy */ = {
			isa = PBXContainerItemProxy;
			containerPortal = ABA4C48328A65D9600524F35 /* Project object */;
			proxyType = 1;
			remoteGlobalIDString = ABA4C48A28A65D9600524F35;
			remoteInfo = iProject;
		};
		AB08EF6E28B27F0C000B62EA /* PBXContainerItemProxy */ = {
			isa = PBXContainerItemProxy;
			containerPortal = ABA4C48328A65D9600524F35 /* Project object */;
			proxyType = 1;
			remoteGlobalIDString = ABA4C48A28A65D9600524F35;
			remoteInfo = iProject;
		};
/* End PBXContainerItemProxy section */

/* Begin PBXFileReference section */
		AB02FDA828A9473E001317F5 /* Sequence-Sorting.swift */ = {isa = PBXFileReference; lastKnownFileType = sourcecode.swift; path = "Sequence-Sorting.swift"; sourceTree = "<group>"; };
		AB02FDAC28A94F14001317F5 /* SelectSomethingView.swift */ = {isa = PBXFileReference; lastKnownFileType = sourcecode.swift; path = SelectSomethingView.swift; sourceTree = "<group>"; };
		AB02FDB028AA8320001317F5 /* Bundle-Decodable.swift */ = {isa = PBXFileReference; lastKnownFileType = sourcecode.swift; path = "Bundle-Decodable.swift"; sourceTree = "<group>"; };
		AB02FDB228AA8423001317F5 /* Award.swift */ = {isa = PBXFileReference; lastKnownFileType = sourcecode.swift; path = Award.swift; sourceTree = "<group>"; };
		AB02FDB428AA84EE001317F5 /* AwardsView.swift */ = {isa = PBXFileReference; lastKnownFileType = sourcecode.swift; path = AwardsView.swift; sourceTree = "<group>"; };
		AB02FDB628AA9406001317F5 /* Color-Additions.swift */ = {isa = PBXFileReference; lastKnownFileType = sourcecode.swift; path = "Color-Additions.swift"; sourceTree = "<group>"; };
		AB02FDC028ABC981001317F5 /* en */ = {isa = PBXFileReference; lastKnownFileType = text.plist.strings; name = en; path = en.lproj/Localizable.strings; sourceTree = "<group>"; };
		AB02FDC228ABC9A2001317F5 /* hu */ = {isa = PBXFileReference; lastKnownFileType = text.plist.strings; name = hu; path = hu.lproj/Localizable.strings; sourceTree = "<group>"; };
		AB02FDC428ABCA35001317F5 /* en */ = {isa = PBXFileReference; lastKnownFileType = text.plist.stringsdict; name = en; path = en.lproj/Localizable.stringsdict; sourceTree = "<group>"; };
		AB02FDC628ABCA39001317F5 /* hu */ = {isa = PBXFileReference; lastKnownFileType = text.plist.stringsdict; name = hu; path = hu.lproj/Localizable.stringsdict; sourceTree = "<group>"; };
		AB02FDC828ABCB7C001317F5 /* en */ = {isa = PBXFileReference; lastKnownFileType = text.json; name = en; path = en.lproj/Awards.json; sourceTree = "<group>"; };
		AB02FDCA28ABCB82001317F5 /* hu */ = {isa = PBXFileReference; lastKnownFileType = text.json; name = hu; path = hu.lproj/Awards.json; sourceTree = "<group>"; };
		AB02FDCB28ACE5EC001317F5 /* ItemList.swift */ = {isa = PBXFileReference; lastKnownFileType = sourcecode.swift; path = ItemList.swift; sourceTree = "<group>"; };
		AB02FDCD28ACE6D7001317F5 /* ProjectSummary.swift */ = {isa = PBXFileReference; lastKnownFileType = sourcecode.swift; path = ProjectSummary.swift; sourceTree = "<group>"; };
		AB08EF4A28AFAD24000B62EA /* iProjectTests.xctest */ = {isa = PBXFileReference; explicitFileType = wrapper.cfbundle; includeInIndex = 0; path = iProjectTests.xctest; sourceTree = BUILT_PRODUCTS_DIR; };
		AB08EF4C28AFAD24000B62EA /* iProjectTests.swift */ = {isa = PBXFileReference; lastKnownFileType = sourcecode.swift; path = iProjectTests.swift; sourceTree = "<group>"; };
		AB08EF5328AFAF84000B62EA /* AssetTests.swift */ = {isa = PBXFileReference; lastKnownFileType = sourcecode.swift; path = AssetTests.swift; sourceTree = "<group>"; };
		AB08EF5528AFB209000B62EA /* ProjectTests.swift */ = {isa = PBXFileReference; lastKnownFileType = sourcecode.swift; path = ProjectTests.swift; sourceTree = "<group>"; };
		AB08EF5728AFB563000B62EA /* AwardTests.swift */ = {isa = PBXFileReference; lastKnownFileType = sourcecode.swift; path = AwardTests.swift; sourceTree = "<group>"; };
		AB08EF5928B17653000B62EA /* DevelopmentTests.swift */ = {isa = PBXFileReference; lastKnownFileType = sourcecode.swift; path = DevelopmentTests.swift; sourceTree = "<group>"; };
		AB08EF5B28B26CB8000B62EA /* ExtensionTests.swift */ = {isa = PBXFileReference; lastKnownFileType = sourcecode.swift; path = ExtensionTests.swift; sourceTree = "<group>"; };
		AB08EF5E28B27080000B62EA /* DecodableDictionary.json */ = {isa = PBXFileReference; lastKnownFileType = text.json; path = DecodableDictionary.json; sourceTree = "<group>"; };
		AB08EF6028B270AD000B62EA /* DecodableString.json */ = {isa = PBXFileReference; lastKnownFileType = text.json; path = DecodableString.json; sourceTree = "<group>"; };
		AB08EF6228B27897000B62EA /* PerformanceTests.swift */ = {isa = PBXFileReference; lastKnownFileType = sourcecode.swift; path = PerformanceTests.swift; sourceTree = "<group>"; };
		AB08EF6828B27F0C000B62EA /* iProjectUITests.xctest */ = {isa = PBXFileReference; explicitFileType = wrapper.cfbundle; includeInIndex = 0; path = iProjectUITests.xctest; sourceTree = BUILT_PRODUCTS_DIR; };
		AB08EF6A28B27F0C000B62EA /* iProjectUITests.swift */ = {isa = PBXFileReference; lastKnownFileType = sourcecode.swift; path = iProjectUITests.swift; sourceTree = "<group>"; };
		AB08EF6C28B27F0C000B62EA /* iProjectUITestsLaunchTests.swift */ = {isa = PBXFileReference; lastKnownFileType = sourcecode.swift; path = iProjectUITestsLaunchTests.swift; sourceTree = "<group>"; };
		AB08EF7328B38403000B62EA /* ProjectsViewModel.swift */ = {isa = PBXFileReference; lastKnownFileType = sourcecode.swift; path = ProjectsViewModel.swift; sourceTree = "<group>"; };
		AB08EF7528B39091000B62EA /* HomeViewModel.swift */ = {isa = PBXFileReference; lastKnownFileType = sourcecode.swift; path = HomeViewModel.swift; sourceTree = "<group>"; };
		ABA4C48B28A65D9600524F35 /* iProject.app */ = {isa = PBXFileReference; explicitFileType = wrapper.application; includeInIndex = 0; path = iProject.app; sourceTree = BUILT_PRODUCTS_DIR; };
		ABA4C48E28A65D9600524F35 /* iProjectApp.swift */ = {isa = PBXFileReference; lastKnownFileType = sourcecode.swift; path = iProjectApp.swift; sourceTree = "<group>"; };
		ABA4C49028A65D9600524F35 /* ContentView.swift */ = {isa = PBXFileReference; lastKnownFileType = sourcecode.swift; path = ContentView.swift; sourceTree = "<group>"; };
		ABA4C49228A65D9700524F35 /* Assets.xcassets */ = {isa = PBXFileReference; lastKnownFileType = folder.assetcatalog; path = Assets.xcassets; sourceTree = "<group>"; };
		ABA4C49528A65D9700524F35 /* Preview Assets.xcassets */ = {isa = PBXFileReference; lastKnownFileType = folder.assetcatalog; path = "Preview Assets.xcassets"; sourceTree = "<group>"; };
		ABA4C49D28A65E0300524F35 /* Main.xcdatamodel */ = {isa = PBXFileReference; lastKnownFileType = wrapper.xcdatamodel; path = Main.xcdatamodel; sourceTree = "<group>"; };
		ABA4C49F28A6606600524F35 /* DataController.swift */ = {isa = PBXFileReference; lastKnownFileType = sourcecode.swift; path = DataController.swift; sourceTree = "<group>"; };
		ABA4C4A128A6667700524F35 /* HomeView.swift */ = {isa = PBXFileReference; lastKnownFileType = sourcecode.swift; path = HomeView.swift; sourceTree = "<group>"; };
		ABA4C4A328A666EE00524F35 /* ProjectsView.swift */ = {isa = PBXFileReference; lastKnownFileType = sourcecode.swift; path = ProjectsView.swift; sourceTree = "<group>"; };
		ABA4C4A828A7F19C00524F35 /* EditItemView.swift */ = {isa = PBXFileReference; lastKnownFileType = sourcecode.swift; path = EditItemView.swift; sourceTree = "<group>"; };
		ABA4C4AA28A7F72800524F35 /* ItemRow.swift */ = {isa = PBXFileReference; lastKnownFileType = sourcecode.swift; path = ItemRow.swift; sourceTree = "<group>"; };
		ABA4C4AD28A7F86C00524F35 /* Item-CoreDataHelpers.swift */ = {isa = PBXFileReference; lastKnownFileType = sourcecode.swift; path = "Item-CoreDataHelpers.swift"; sourceTree = "<group>"; };
		ABA4C4B028A7F91A00524F35 /* Project-CoreDataHelpers.swift */ = {isa = PBXFileReference; lastKnownFileType = sourcecode.swift; path = "Project-CoreDataHelpers.swift"; sourceTree = "<group>"; };
		ABA4C4B228A7FD5300524F35 /* Binding-onChange.swift */ = {isa = PBXFileReference; lastKnownFileType = sourcecode.swift; path = "Binding-onChange.swift"; sourceTree = "<group>"; };
		ABA4C4B428A800F600524F35 /* ProjectHeader.swift */ = {isa = PBXFileReference; lastKnownFileType = sourcecode.swift; path = ProjectHeader.swift; sourceTree = "<group>"; };
		ABA4C4DB28A8040400524F35 /* Colors.xcassets */ = {isa = PBXFileReference; lastKnownFileType = folder.assetcatalog; path = Colors.xcassets; sourceTree = "<group>"; };
		ABA4C4DD28A804DE00524F35 /* EditProjectView.swift */ = {isa = PBXFileReference; lastKnownFileType = sourcecode.swift; path = EditProjectView.swift; sourceTree = "<group>"; };
/* End PBXFileReference section */

/* Begin PBXFrameworksBuildPhase section */
		AB08EF4728AFAD24000B62EA /* Frameworks */ = {
			isa = PBXFrameworksBuildPhase;
			buildActionMask = 2147483647;
			files = (
			);
			runOnlyForDeploymentPostprocessing = 0;
		};
		AB08EF6528B27F0C000B62EA /* Frameworks */ = {
			isa = PBXFrameworksBuildPhase;
			buildActionMask = 2147483647;
			files = (
			);
			runOnlyForDeploymentPostprocessing = 0;
		};
		ABA4C48828A65D9600524F35 /* Frameworks */ = {
			isa = PBXFrameworksBuildPhase;
			buildActionMask = 2147483647;
			files = (
			);
			runOnlyForDeploymentPostprocessing = 0;
		};
/* End PBXFrameworksBuildPhase section */

/* Begin PBXGroup section */
		AB02FDBE28ABC766001317F5 /* Localization */ = {
			isa = PBXGroup;
			children = (
				AB02FDC928ABCB7C001317F5 /* Awards.json */,
				AB02FDC128ABC981001317F5 /* Localizable.strings */,
				AB02FDC528ABCA35001317F5 /* Localizable.stringsdict */,
			);
			path = Localization;
			sourceTree = "<group>";
		};
		AB08EF4B28AFAD24000B62EA /* iProjectTests */ = {
			isa = PBXGroup;
			children = (
				AB08EF5D28B2704D000B62EA /* Fixtures */,
				AB08EF4C28AFAD24000B62EA /* iProjectTests.swift */,
				AB08EF5328AFAF84000B62EA /* AssetTests.swift */,
				AB08EF5528AFB209000B62EA /* ProjectTests.swift */,
				AB08EF5728AFB563000B62EA /* AwardTests.swift */,
				AB08EF5928B17653000B62EA /* DevelopmentTests.swift */,
				AB08EF5B28B26CB8000B62EA /* ExtensionTests.swift */,
				AB08EF6228B27897000B62EA /* PerformanceTests.swift */,
			);
			path = iProjectTests;
			sourceTree = "<group>";
		};
		AB08EF5D28B2704D000B62EA /* Fixtures */ = {
			isa = PBXGroup;
			children = (
				AB08EF5E28B27080000B62EA /* DecodableDictionary.json */,
				AB08EF6028B270AD000B62EA /* DecodableString.json */,
			);
			path = Fixtures;
			sourceTree = "<group>";
		};
		AB08EF6928B27F0C000B62EA /* iProjectUITests */ = {
			isa = PBXGroup;
			children = (
				AB08EF6A28B27F0C000B62EA /* iProjectUITests.swift */,
				AB08EF6C28B27F0C000B62EA /* iProjectUITestsLaunchTests.swift */,
			);
			path = iProjectUITests;
			sourceTree = "<group>";
		};
		ABA4C48228A65D9600524F35 = {
			isa = PBXGroup;
			children = (
				ABA4C48D28A65D9600524F35 /* iProject */,
				AB08EF4B28AFAD24000B62EA /* iProjectTests */,
				AB08EF6928B27F0C000B62EA /* iProjectUITests */,
				ABA4C48C28A65D9600524F35 /* Products */,
			);
			sourceTree = "<group>";
		};
		ABA4C48C28A65D9600524F35 /* Products */ = {
			isa = PBXGroup;
			children = (
				ABA4C48B28A65D9600524F35 /* iProject.app */,
				AB08EF4A28AFAD24000B62EA /* iProjectTests.xctest */,
				AB08EF6828B27F0C000B62EA /* iProjectUITests.xctest */,
			);
			name = Products;
			sourceTree = "<group>";
		};
		ABA4C48D28A65D9600524F35 /* iProject */ = {
			isa = PBXGroup;
			children = (
				ABA4C48E28A65D9600524F35 /* iProjectApp.swift */,
				ABA4C4AF28A7F90300524F35 /* Extensions */,
				ABA4C4AC28A7F73000524F35 /* Components */,
				ABA4C4A728A6671B00524F35 /* Models */,
				ABA4C4A528A666F600524F35 /* Views */,
				ABA4C4A628A6671400524F35 /* ViewModels */,
				AB02FDBE28ABC766001317F5 /* Localization */,
				ABA4C49228A65D9700524F35 /* Assets.xcassets */,
				ABA4C4DB28A8040400524F35 /* Colors.xcassets */,
				ABA4C49428A65D9700524F35 /* Preview Content */,
			);
			path = iProject;
			sourceTree = "<group>";
		};
		ABA4C49428A65D9700524F35 /* Preview Content */ = {
			isa = PBXGroup;
			children = (
				ABA4C49528A65D9700524F35 /* Preview Assets.xcassets */,
			);
			path = "Preview Content";
			sourceTree = "<group>";
		};
		ABA4C4A528A666F600524F35 /* Views */ = {
			isa = PBXGroup;
			children = (
				ABA4C49028A65D9600524F35 /* ContentView.swift */,
				ABA4C4A128A6667700524F35 /* HomeView.swift */,
				ABA4C4A328A666EE00524F35 /* ProjectsView.swift */,
				ABA4C4A828A7F19C00524F35 /* EditItemView.swift */,
				ABA4C4DD28A804DE00524F35 /* EditProjectView.swift */,
				AB02FDB428AA84EE001317F5 /* AwardsView.swift */,
				AB02FDAC28A94F14001317F5 /* SelectSomethingView.swift */,
			);
			path = Views;
			sourceTree = "<group>";
		};
		ABA4C4A628A6671400524F35 /* ViewModels */ = {
			isa = PBXGroup;
			children = (
				ABA4C49F28A6606600524F35 /* DataController.swift */,
				AB08EF7528B39091000B62EA /* HomeViewModel.swift */,
				AB08EF7328B38403000B62EA /* ProjectsViewModel.swift */,
			);
			path = ViewModels;
			sourceTree = "<group>";
		};
		ABA4C4A728A6671B00524F35 /* Models */ = {
			isa = PBXGroup;
			children = (
				AB02FDB228AA8423001317F5 /* Award.swift */,
				ABA4C49C28A65E0300524F35 /* Main.xcdatamodeld */,
			);
			path = Models;
			sourceTree = "<group>";
		};
		ABA4C4AC28A7F73000524F35 /* Components */ = {
			isa = PBXGroup;
			children = (
				AB02FDCB28ACE5EC001317F5 /* ItemList.swift */,
				ABA4C4AA28A7F72800524F35 /* ItemRow.swift */,
				ABA4C4B428A800F600524F35 /* ProjectHeader.swift */,
				AB02FDCD28ACE6D7001317F5 /* ProjectSummary.swift */,
			);
			path = Components;
			sourceTree = "<group>";
		};
		ABA4C4AF28A7F90300524F35 /* Extensions */ = {
			isa = PBXGroup;
			children = (
				AB02FDB028AA8320001317F5 /* Bundle-Decodable.swift */,
				ABA4C4B228A7FD5300524F35 /* Binding-onChange.swift */,
				AB02FDB628AA9406001317F5 /* Color-Additions.swift */,
				ABA4C4AD28A7F86C00524F35 /* Item-CoreDataHelpers.swift */,
				ABA4C4B028A7F91A00524F35 /* Project-CoreDataHelpers.swift */,
				AB02FDA828A9473E001317F5 /* Sequence-Sorting.swift */,
			);
			path = Extensions;
			sourceTree = "<group>";
		};
/* End PBXGroup section */

/* Begin PBXNativeTarget section */
		AB08EF4928AFAD24000B62EA /* iProjectTests */ = {
			isa = PBXNativeTarget;
			buildConfigurationList = AB08EF5228AFAD24000B62EA /* Build configuration list for PBXNativeTarget "iProjectTests" */;
			buildPhases = (
				AB08EF4628AFAD24000B62EA /* Sources */,
				AB08EF4728AFAD24000B62EA /* Frameworks */,
				AB08EF4828AFAD24000B62EA /* Resources */,
			);
			buildRules = (
			);
			dependencies = (
				AB08EF4F28AFAD24000B62EA /* PBXTargetDependency */,
			);
			name = iProjectTests;
			productName = iProjectTests;
			productReference = AB08EF4A28AFAD24000B62EA /* iProjectTests.xctest */;
			productType = "com.apple.product-type.bundle.unit-test";
		};
		AB08EF6728B27F0C000B62EA /* iProjectUITests */ = {
			isa = PBXNativeTarget;
			buildConfigurationList = AB08EF7028B27F0C000B62EA /* Build configuration list for PBXNativeTarget "iProjectUITests" */;
			buildPhases = (
				AB08EF6428B27F0C000B62EA /* Sources */,
				AB08EF6528B27F0C000B62EA /* Frameworks */,
				AB08EF6628B27F0C000B62EA /* Resources */,
			);
			buildRules = (
			);
			dependencies = (
				AB08EF6F28B27F0C000B62EA /* PBXTargetDependency */,
			);
			name = iProjectUITests;
			productName = iProjectUITests;
			productReference = AB08EF6828B27F0C000B62EA /* iProjectUITests.xctest */;
			productType = "com.apple.product-type.bundle.ui-testing";
		};
		ABA4C48A28A65D9600524F35 /* iProject */ = {
			isa = PBXNativeTarget;
			buildConfigurationList = ABA4C49928A65D9700524F35 /* Build configuration list for PBXNativeTarget "iProject" */;
			buildPhases = (
				ABA4C48728A65D9600524F35 /* Sources */,
				ABA4C48828A65D9600524F35 /* Frameworks */,
				ABA4C48928A65D9600524F35 /* Resources */,
				AB02FDCF28ADA723001317F5 /* SwiftLint */,
			);
			buildRules = (
			);
			dependencies = (
			);
			name = iProject;
			productName = iProject;
			productReference = ABA4C48B28A65D9600524F35 /* iProject.app */;
			productType = "com.apple.product-type.application";
		};
/* End PBXNativeTarget section */

/* Begin PBXProject section */
		ABA4C48328A65D9600524F35 /* Project object */ = {
			isa = PBXProject;
			attributes = {
				BuildIndependentTargetsInParallel = 1;
				LastSwiftUpdateCheck = 1340;
				LastUpgradeCheck = 1340;
				TargetAttributes = {
					AB08EF4928AFAD24000B62EA = {
						CreatedOnToolsVersion = 13.4.1;
						TestTargetID = ABA4C48A28A65D9600524F35;
					};
					AB08EF6728B27F0C000B62EA = {
						CreatedOnToolsVersion = 13.4.1;
						TestTargetID = ABA4C48A28A65D9600524F35;
					};
					ABA4C48A28A65D9600524F35 = {
						CreatedOnToolsVersion = 13.4.1;
					};
				};
			};
			buildConfigurationList = ABA4C48628A65D9600524F35 /* Build configuration list for PBXProject "iProject" */;
			compatibilityVersion = "Xcode 13.0";
			developmentRegion = en;
			hasScannedForEncodings = 0;
			knownRegions = (
				en,
				Base,
				hu,
			);
			mainGroup = ABA4C48228A65D9600524F35;
			productRefGroup = ABA4C48C28A65D9600524F35 /* Products */;
			projectDirPath = "";
			projectRoot = "";
			targets = (
				ABA4C48A28A65D9600524F35 /* iProject */,
				AB08EF4928AFAD24000B62EA /* iProjectTests */,
				AB08EF6728B27F0C000B62EA /* iProjectUITests */,
			);
		};
/* End PBXProject section */

/* Begin PBXResourcesBuildPhase section */
		AB08EF4828AFAD24000B62EA /* Resources */ = {
			isa = PBXResourcesBuildPhase;
			buildActionMask = 2147483647;
			files = (
				AB08EF6128B270AD000B62EA /* DecodableString.json in Resources */,
				AB08EF5F28B27080000B62EA /* DecodableDictionary.json in Resources */,
			);
			runOnlyForDeploymentPostprocessing = 0;
		};
		AB08EF6628B27F0C000B62EA /* Resources */ = {
			isa = PBXResourcesBuildPhase;
			buildActionMask = 2147483647;
			files = (
			);
			runOnlyForDeploymentPostprocessing = 0;
		};
		ABA4C48928A65D9600524F35 /* Resources */ = {
			isa = PBXResourcesBuildPhase;
			buildActionMask = 2147483647;
			files = (
				AB02FDBF28ABC981001317F5 /* Localizable.strings in Resources */,
				ABA4C4DC28A8040400524F35 /* Colors.xcassets in Resources */,
				AB02FDC728ABCB7C001317F5 /* Awards.json in Resources */,
				ABA4C49628A65D9700524F35 /* Preview Assets.xcassets in Resources */,
				ABA4C49328A65D9700524F35 /* Assets.xcassets in Resources */,
				AB02FDC328ABCA35001317F5 /* Localizable.stringsdict in Resources */,
			);
			runOnlyForDeploymentPostprocessing = 0;
		};
/* End PBXResourcesBuildPhase section */

/* Begin PBXShellScriptBuildPhase section */
		AB02FDCF28ADA723001317F5 /* SwiftLint */ = {
			isa = PBXShellScriptBuildPhase;
			buildActionMask = 2147483647;
			files = (
			);
			inputFileListPaths = (
			);
			inputPaths = (
			);
			name = SwiftLint;
			outputFileListPaths = (
			);
			outputPaths = (
			);
			runOnlyForDeploymentPostprocessing = 0;
			shellPath = /bin/sh;
			shellScript = "alias swiftlint=\"/opt/homebrew/bin/swiftlint\"\n\nif swiftlint >/dev/null; then\n  swiftlint\nfi\n";
		};
/* End PBXShellScriptBuildPhase section */

/* Begin PBXSourcesBuildPhase section */
		AB08EF4628AFAD24000B62EA /* Sources */ = {
			isa = PBXSourcesBuildPhase;
			buildActionMask = 2147483647;
			files = (
				AB08EF6328B27897000B62EA /* PerformanceTests.swift in Sources */,
				AB08EF5428AFAF84000B62EA /* AssetTests.swift in Sources */,
				AB08EF5828AFB563000B62EA /* AwardTests.swift in Sources */,
				AB08EF4D28AFAD24000B62EA /* iProjectTests.swift in Sources */,
				AB08EF5C28B26CB8000B62EA /* ExtensionTests.swift in Sources */,
				AB08EF5628AFB209000B62EA /* ProjectTests.swift in Sources */,
				AB08EF5A28B17653000B62EA /* DevelopmentTests.swift in Sources */,
			);
			runOnlyForDeploymentPostprocessing = 0;
		};
		AB08EF6428B27F0C000B62EA /* Sources */ = {
			isa = PBXSourcesBuildPhase;
			buildActionMask = 2147483647;
			files = (
				AB08EF6D28B27F0C000B62EA /* iProjectUITestsLaunchTests.swift in Sources */,
				AB08EF6B28B27F0C000B62EA /* iProjectUITests.swift in Sources */,
			);
			runOnlyForDeploymentPostprocessing = 0;
		};
		ABA4C48728A65D9600524F35 /* Sources */ = {
			isa = PBXSourcesBuildPhase;
			buildActionMask = 2147483647;
			files = (
				ABA4C4A428A666EE00524F35 /* ProjectsView.swift in Sources */,
				ABA4C49E28A65E0300524F35 /* Main.xcdatamodeld in Sources */,
				AB02FDB528AA84EE001317F5 /* AwardsView.swift in Sources */,
				ABA4C4A028A6606600524F35 /* DataController.swift in Sources */,
				ABA4C49128A65D9600524F35 /* ContentView.swift in Sources */,
				AB08EF7628B39091000B62EA /* HomeViewModel.swift in Sources */,
				AB02FDB728AA9406001317F5 /* Color-Additions.swift in Sources */,
				ABA4C4DE28A804DE00524F35 /* EditProjectView.swift in Sources */,
				ABA4C4B128A7F91A00524F35 /* Project-CoreDataHelpers.swift in Sources */,
				AB02FDAD28A94F14001317F5 /* SelectSomethingView.swift in Sources */,
				AB02FDB328AA8423001317F5 /* Award.swift in Sources */,
				ABA4C4B328A7FD5300524F35 /* Binding-onChange.swift in Sources */,
				AB02FDCE28ACE6D7001317F5 /* ProjectSummary.swift in Sources */,
				ABA4C4B528A800F600524F35 /* ProjectHeader.swift in Sources */,
				ABA4C4A228A6667700524F35 /* HomeView.swift in Sources */,
				AB02FDA928A9473E001317F5 /* Sequence-Sorting.swift in Sources */,
				AB02FDB128AA8320001317F5 /* Bundle-Decodable.swift in Sources */,
				ABA4C48F28A65D9600524F35 /* iProjectApp.swift in Sources */,
				AB02FDCC28ACE5EC001317F5 /* ItemList.swift in Sources */,
				ABA4C4A928A7F19C00524F35 /* EditItemView.swift in Sources */,
				ABA4C4AB28A7F72800524F35 /* ItemRow.swift in Sources */,
				AB08EF7428B38403000B62EA /* ProjectsViewModel.swift in Sources */,
				ABA4C4AE28A7F86C00524F35 /* Item-CoreDataHelpers.swift in Sources */,
			);
			runOnlyForDeploymentPostprocessing = 0;
		};
/* End PBXSourcesBuildPhase section */

/* Begin PBXTargetDependency section */
		AB08EF4F28AFAD24000B62EA /* PBXTargetDependency */ = {
			isa = PBXTargetDependency;
			target = ABA4C48A28A65D9600524F35 /* iProject */;
			targetProxy = AB08EF4E28AFAD24000B62EA /* PBXContainerItemProxy */;
		};
		AB08EF6F28B27F0C000B62EA /* PBXTargetDependency */ = {
			isa = PBXTargetDependency;
			target = ABA4C48A28A65D9600524F35 /* iProject */;
			targetProxy = AB08EF6E28B27F0C000B62EA /* PBXContainerItemProxy */;
		};
/* End PBXTargetDependency section */

/* Begin PBXVariantGroup section */
		AB02FDC128ABC981001317F5 /* Localizable.strings */ = {
			isa = PBXVariantGroup;
			children = (
				AB02FDC028ABC981001317F5 /* en */,
				AB02FDC228ABC9A2001317F5 /* hu */,
			);
			name = Localizable.strings;
			sourceTree = "<group>";
		};
		AB02FDC528ABCA35001317F5 /* Localizable.stringsdict */ = {
			isa = PBXVariantGroup;
			children = (
				AB02FDC428ABCA35001317F5 /* en */,
				AB02FDC628ABCA39001317F5 /* hu */,
			);
			name = Localizable.stringsdict;
			sourceTree = "<group>";
		};
		AB02FDC928ABCB7C001317F5 /* Awards.json */ = {
			isa = PBXVariantGroup;
			children = (
				AB02FDC828ABCB7C001317F5 /* en */,
				AB02FDCA28ABCB82001317F5 /* hu */,
			);
			name = Awards.json;
			sourceTree = "<group>";
		};
/* End PBXVariantGroup section */

/* Begin XCBuildConfiguration section */
		AB08EF5028AFAD24000B62EA /* Debug */ = {
			isa = XCBuildConfiguration;
			buildSettings = {
				BUNDLE_LOADER = "$(TEST_HOST)";
				CODE_SIGN_STYLE = Automatic;
				CURRENT_PROJECT_VERSION = 1;
				DEVELOPMENT_TEAM = 3KU8C49PA9;
				GENERATE_INFOPLIST_FILE = YES;
				MARKETING_VERSION = 1.0;
				PRODUCT_BUNDLE_IDENTIFIER = whythat.iProjectTests;
				PRODUCT_NAME = "$(TARGET_NAME)";
				SWIFT_EMIT_LOC_STRINGS = NO;
				SWIFT_VERSION = 5.0;
				TARGETED_DEVICE_FAMILY = "1,2";
				TEST_HOST = "$(BUILT_PRODUCTS_DIR)/iProject.app/iProject";
			};
			name = Debug;
		};
		AB08EF5128AFAD24000B62EA /* Release */ = {
			isa = XCBuildConfiguration;
			buildSettings = {
				BUNDLE_LOADER = "$(TEST_HOST)";
				CODE_SIGN_STYLE = Automatic;
				CURRENT_PROJECT_VERSION = 1;
				DEVELOPMENT_TEAM = 3KU8C49PA9;
				GENERATE_INFOPLIST_FILE = YES;
				MARKETING_VERSION = 1.0;
				PRODUCT_BUNDLE_IDENTIFIER = whythat.iProjectTests;
				PRODUCT_NAME = "$(TARGET_NAME)";
				SWIFT_EMIT_LOC_STRINGS = NO;
				SWIFT_VERSION = 5.0;
				TARGETED_DEVICE_FAMILY = "1,2";
				TEST_HOST = "$(BUILT_PRODUCTS_DIR)/iProject.app/iProject";
			};
			name = Release;
		};
		AB08EF7128B27F0C000B62EA /* Debug */ = {
			isa = XCBuildConfiguration;
			buildSettings = {
				CODE_SIGN_STYLE = Automatic;
				CURRENT_PROJECT_VERSION = 1;
				DEVELOPMENT_TEAM = 3KU8C49PA9;
				GENERATE_INFOPLIST_FILE = YES;
				MARKETING_VERSION = 1.0;
				PRODUCT_BUNDLE_IDENTIFIER = whythat.iProjectUITests;
				PRODUCT_NAME = "$(TARGET_NAME)";
				SWIFT_EMIT_LOC_STRINGS = NO;
				SWIFT_VERSION = 5.0;
				TARGETED_DEVICE_FAMILY = "1,2";
				TEST_TARGET_NAME = iProject;
			};
			name = Debug;
		};
		AB08EF7228B27F0C000B62EA /* Release */ = {
			isa = XCBuildConfiguration;
			buildSettings = {
				CODE_SIGN_STYLE = Automatic;
				CURRENT_PROJECT_VERSION = 1;
				DEVELOPMENT_TEAM = 3KU8C49PA9;
				GENERATE_INFOPLIST_FILE = YES;
				MARKETING_VERSION = 1.0;
				PRODUCT_BUNDLE_IDENTIFIER = whythat.iProjectUITests;
				PRODUCT_NAME = "$(TARGET_NAME)";
				SWIFT_EMIT_LOC_STRINGS = NO;
				SWIFT_VERSION = 5.0;
				TARGETED_DEVICE_FAMILY = "1,2";
				TEST_TARGET_NAME = iProject;
			};
			name = Release;
		};
		ABA4C49728A65D9700524F35 /* Debug */ = {
			isa = XCBuildConfiguration;
			buildSettings = {
				ALWAYS_SEARCH_USER_PATHS = NO;
				CLANG_ANALYZER_NONNULL = YES;
				CLANG_ANALYZER_NUMBER_OBJECT_CONVERSION = YES_AGGRESSIVE;
				CLANG_CXX_LANGUAGE_STANDARD = "gnu++17";
				CLANG_ENABLE_MODULES = YES;
				CLANG_ENABLE_OBJC_ARC = YES;
				CLANG_ENABLE_OBJC_WEAK = YES;
				CLANG_WARN_BLOCK_CAPTURE_AUTORELEASING = YES;
				CLANG_WARN_BOOL_CONVERSION = YES;
				CLANG_WARN_COMMA = YES;
				CLANG_WARN_CONSTANT_CONVERSION = YES;
				CLANG_WARN_DEPRECATED_OBJC_IMPLEMENTATIONS = YES;
				CLANG_WARN_DIRECT_OBJC_ISA_USAGE = YES_ERROR;
				CLANG_WARN_DOCUMENTATION_COMMENTS = YES;
				CLANG_WARN_EMPTY_BODY = YES;
				CLANG_WARN_ENUM_CONVERSION = YES;
				CLANG_WARN_INFINITE_RECURSION = YES;
				CLANG_WARN_INT_CONVERSION = YES;
				CLANG_WARN_NON_LITERAL_NULL_CONVERSION = YES;
				CLANG_WARN_OBJC_IMPLICIT_RETAIN_SELF = YES;
				CLANG_WARN_OBJC_LITERAL_CONVERSION = YES;
				CLANG_WARN_OBJC_ROOT_CLASS = YES_ERROR;
				CLANG_WARN_QUOTED_INCLUDE_IN_FRAMEWORK_HEADER = YES;
				CLANG_WARN_RANGE_LOOP_ANALYSIS = YES;
				CLANG_WARN_STRICT_PROTOTYPES = YES;
				CLANG_WARN_SUSPICIOUS_MOVE = YES;
				CLANG_WARN_UNGUARDED_AVAILABILITY = YES_AGGRESSIVE;
				CLANG_WARN_UNREACHABLE_CODE = YES;
				CLANG_WARN__DUPLICATE_METHOD_MATCH = YES;
				COPY_PHASE_STRIP = NO;
				DEBUG_INFORMATION_FORMAT = dwarf;
				ENABLE_STRICT_OBJC_MSGSEND = YES;
				ENABLE_TESTABILITY = YES;
				GCC_C_LANGUAGE_STANDARD = gnu11;
				GCC_DYNAMIC_NO_PIC = NO;
				GCC_NO_COMMON_BLOCKS = YES;
				GCC_OPTIMIZATION_LEVEL = 0;
				GCC_PREPROCESSOR_DEFINITIONS = (
					"DEBUG=1",
					"$(inherited)",
				);
				GCC_WARN_64_TO_32_BIT_CONVERSION = YES;
				GCC_WARN_ABOUT_RETURN_TYPE = YES_ERROR;
				GCC_WARN_UNDECLARED_SELECTOR = YES;
				GCC_WARN_UNINITIALIZED_AUTOS = YES_AGGRESSIVE;
				GCC_WARN_UNUSED_FUNCTION = YES;
				GCC_WARN_UNUSED_VARIABLE = YES;
				IPHONEOS_DEPLOYMENT_TARGET = 15.5;
				MTL_ENABLE_DEBUG_INFO = INCLUDE_SOURCE;
				MTL_FAST_MATH = YES;
				ONLY_ACTIVE_ARCH = YES;
				SDKROOT = iphoneos;
				SWIFT_ACTIVE_COMPILATION_CONDITIONS = DEBUG;
				SWIFT_OPTIMIZATION_LEVEL = "-Onone";
			};
			name = Debug;
		};
		ABA4C49828A65D9700524F35 /* Release */ = {
			isa = XCBuildConfiguration;
			buildSettings = {
				ALWAYS_SEARCH_USER_PATHS = NO;
				CLANG_ANALYZER_NONNULL = YES;
				CLANG_ANALYZER_NUMBER_OBJECT_CONVERSION = YES_AGGRESSIVE;
				CLANG_CXX_LANGUAGE_STANDARD = "gnu++17";
				CLANG_ENABLE_MODULES = YES;
				CLANG_ENABLE_OBJC_ARC = YES;
				CLANG_ENABLE_OBJC_WEAK = YES;
				CLANG_WARN_BLOCK_CAPTURE_AUTORELEASING = YES;
				CLANG_WARN_BOOL_CONVERSION = YES;
				CLANG_WARN_COMMA = YES;
				CLANG_WARN_CONSTANT_CONVERSION = YES;
				CLANG_WARN_DEPRECATED_OBJC_IMPLEMENTATIONS = YES;
				CLANG_WARN_DIRECT_OBJC_ISA_USAGE = YES_ERROR;
				CLANG_WARN_DOCUMENTATION_COMMENTS = YES;
				CLANG_WARN_EMPTY_BODY = YES;
				CLANG_WARN_ENUM_CONVERSION = YES;
				CLANG_WARN_INFINITE_RECURSION = YES;
				CLANG_WARN_INT_CONVERSION = YES;
				CLANG_WARN_NON_LITERAL_NULL_CONVERSION = YES;
				CLANG_WARN_OBJC_IMPLICIT_RETAIN_SELF = YES;
				CLANG_WARN_OBJC_LITERAL_CONVERSION = YES;
				CLANG_WARN_OBJC_ROOT_CLASS = YES_ERROR;
				CLANG_WARN_QUOTED_INCLUDE_IN_FRAMEWORK_HEADER = YES;
				CLANG_WARN_RANGE_LOOP_ANALYSIS = YES;
				CLANG_WARN_STRICT_PROTOTYPES = YES;
				CLANG_WARN_SUSPICIOUS_MOVE = YES;
				CLANG_WARN_UNGUARDED_AVAILABILITY = YES_AGGRESSIVE;
				CLANG_WARN_UNREACHABLE_CODE = YES;
				CLANG_WARN__DUPLICATE_METHOD_MATCH = YES;
				COPY_PHASE_STRIP = NO;
				DEBUG_INFORMATION_FORMAT = "dwarf-with-dsym";
				ENABLE_NS_ASSERTIONS = NO;
				ENABLE_STRICT_OBJC_MSGSEND = YES;
				GCC_C_LANGUAGE_STANDARD = gnu11;
				GCC_NO_COMMON_BLOCKS = YES;
				GCC_WARN_64_TO_32_BIT_CONVERSION = YES;
				GCC_WARN_ABOUT_RETURN_TYPE = YES_ERROR;
				GCC_WARN_UNDECLARED_SELECTOR = YES;
				GCC_WARN_UNINITIALIZED_AUTOS = YES_AGGRESSIVE;
				GCC_WARN_UNUSED_FUNCTION = YES;
				GCC_WARN_UNUSED_VARIABLE = YES;
				IPHONEOS_DEPLOYMENT_TARGET = 15.5;
				MTL_ENABLE_DEBUG_INFO = NO;
				MTL_FAST_MATH = YES;
				SDKROOT = iphoneos;
				SWIFT_COMPILATION_MODE = wholemodule;
				SWIFT_OPTIMIZATION_LEVEL = "-O";
				VALIDATE_PRODUCT = YES;
			};
			name = Release;
		};
		ABA4C49A28A65D9700524F35 /* Debug */ = {
			isa = XCBuildConfiguration;
			buildSettings = {
				ASSETCATALOG_COMPILER_APPICON_NAME = AppIcon;
				ASSETCATALOG_COMPILER_GLOBAL_ACCENT_COLOR_NAME = AccentColor;
				CODE_SIGN_STYLE = Automatic;
				CURRENT_PROJECT_VERSION = 1;
				DEVELOPMENT_ASSET_PATHS = "\"iProject/Preview Content\"";
				DEVELOPMENT_TEAM = 3KU8C49PA9;
				ENABLE_PREVIEWS = YES;
				GENERATE_INFOPLIST_FILE = YES;
				INFOPLIST_KEY_UIApplicationSceneManifest_Generation = YES;
				INFOPLIST_KEY_UIApplicationSupportsIndirectInputEvents = YES;
				INFOPLIST_KEY_UILaunchScreen_Generation = YES;
				INFOPLIST_KEY_UISupportedInterfaceOrientations_iPad = "UIInterfaceOrientationPortrait UIInterfaceOrientationPortraitUpsideDown UIInterfaceOrientationLandscapeLeft UIInterfaceOrientationLandscapeRight";
				INFOPLIST_KEY_UISupportedInterfaceOrientations_iPhone = "UIInterfaceOrientationPortrait UIInterfaceOrientationLandscapeLeft UIInterfaceOrientationLandscapeRight";
				LD_RUNPATH_SEARCH_PATHS = (
					"$(inherited)",
					"@executable_path/Frameworks",
				);
				MARKETING_VERSION = 1.0;
				PRODUCT_BUNDLE_IDENTIFIER = whythat.iProject;
				PRODUCT_NAME = "$(TARGET_NAME)";
				SWIFT_EMIT_LOC_STRINGS = YES;
				SWIFT_VERSION = 5.0;
				TARGETED_DEVICE_FAMILY = "1,2";
			};
			name = Debug;
		};
		ABA4C49B28A65D9700524F35 /* Release */ = {
			isa = XCBuildConfiguration;
			buildSettings = {
				ASSETCATALOG_COMPILER_APPICON_NAME = AppIcon;
				ASSETCATALOG_COMPILER_GLOBAL_ACCENT_COLOR_NAME = AccentColor;
				CODE_SIGN_STYLE = Automatic;
				CURRENT_PROJECT_VERSION = 1;
				DEVELOPMENT_ASSET_PATHS = "\"iProject/Preview Content\"";
				DEVELOPMENT_TEAM = 3KU8C49PA9;
				ENABLE_PREVIEWS = YES;
				GENERATE_INFOPLIST_FILE = YES;
				INFOPLIST_KEY_UIApplicationSceneManifest_Generation = YES;
				INFOPLIST_KEY_UIApplicationSupportsIndirectInputEvents = YES;
				INFOPLIST_KEY_UILaunchScreen_Generation = YES;
				INFOPLIST_KEY_UISupportedInterfaceOrientations_iPad = "UIInterfaceOrientationPortrait UIInterfaceOrientationPortraitUpsideDown UIInterfaceOrientationLandscapeLeft UIInterfaceOrientationLandscapeRight";
				INFOPLIST_KEY_UISupportedInterfaceOrientations_iPhone = "UIInterfaceOrientationPortrait UIInterfaceOrientationLandscapeLeft UIInterfaceOrientationLandscapeRight";
				LD_RUNPATH_SEARCH_PATHS = (
					"$(inherited)",
					"@executable_path/Frameworks",
				);
				MARKETING_VERSION = 1.0;
				PRODUCT_BUNDLE_IDENTIFIER = whythat.iProject;
				PRODUCT_NAME = "$(TARGET_NAME)";
				SWIFT_EMIT_LOC_STRINGS = YES;
				SWIFT_VERSION = 5.0;
				TARGETED_DEVICE_FAMILY = "1,2";
			};
			name = Release;
		};
/* End XCBuildConfiguration section */

/* Begin XCConfigurationList section */
		AB08EF5228AFAD24000B62EA /* Build configuration list for PBXNativeTarget "iProjectTests" */ = {
			isa = XCConfigurationList;
			buildConfigurations = (
				AB08EF5028AFAD24000B62EA /* Debug */,
				AB08EF5128AFAD24000B62EA /* Release */,
			);
			defaultConfigurationIsVisible = 0;
			defaultConfigurationName = Release;
		};
		AB08EF7028B27F0C000B62EA /* Build configuration list for PBXNativeTarget "iProjectUITests" */ = {
			isa = XCConfigurationList;
			buildConfigurations = (
				AB08EF7128B27F0C000B62EA /* Debug */,
				AB08EF7228B27F0C000B62EA /* Release */,
			);
			defaultConfigurationIsVisible = 0;
			defaultConfigurationName = Release;
		};
		ABA4C48628A65D9600524F35 /* Build configuration list for PBXProject "iProject" */ = {
			isa = XCConfigurationList;
			buildConfigurations = (
				ABA4C49728A65D9700524F35 /* Debug */,
				ABA4C49828A65D9700524F35 /* Release */,
			);
			defaultConfigurationIsVisible = 0;
			defaultConfigurationName = Release;
		};
		ABA4C49928A65D9700524F35 /* Build configuration list for PBXNativeTarget "iProject" */ = {
			isa = XCConfigurationList;
			buildConfigurations = (
				ABA4C49A28A65D9700524F35 /* Debug */,
				ABA4C49B28A65D9700524F35 /* Release */,
			);
			defaultConfigurationIsVisible = 0;
			defaultConfigurationName = Release;
		};
/* End XCConfigurationList section */

/* Begin XCVersionGroup section */
		ABA4C49C28A65E0300524F35 /* Main.xcdatamodeld */ = {
			isa = XCVersionGroup;
			children = (
				ABA4C49D28A65E0300524F35 /* Main.xcdatamodel */,
			);
			currentVersion = ABA4C49D28A65E0300524F35 /* Main.xcdatamodel */;
			path = Main.xcdatamodeld;
			sourceTree = "<group>";
			versionGroupType = wrapper.xcdatamodel;
		};
/* End XCVersionGroup section */
	};
	rootObject = ABA4C48328A65D9600524F35 /* Project object */;
}
