// !$*UTF8*$!
{
	archiveVersion = 1;
	classes = {
	};
	objectVersion = 55;
	objects = {

/* Begin PBXBuildFile section */
		AB02FDA928A9473E001317F5 /* Sequence-Sorting.swift in Sources */ = {isa = PBXBuildFile; fileRef = AB02FDA828A9473E001317F5 /* Sequence-Sorting.swift */; };
		AB02FDAD28A94F14001317F5 /* SelectSomethingView.swift in Sources */ = {isa = PBXBuildFile; fileRef = AB02FDAC28A94F14001317F5 /* SelectSomethingView.swift */; };
		AB02FDAF28AA82CC001317F5 /* Awards.json in Resources */ = {isa = PBXBuildFile; fileRef = AB02FDAE28AA82CC001317F5 /* Awards.json */; };
		AB02FDB128AA8320001317F5 /* Bundle-Decodable.swift in Sources */ = {isa = PBXBuildFile; fileRef = AB02FDB028AA8320001317F5 /* Bundle-Decodable.swift */; };
		AB02FDB328AA8423001317F5 /* Award.swift in Sources */ = {isa = PBXBuildFile; fileRef = AB02FDB228AA8423001317F5 /* Award.swift */; };
		AB02FDB528AA84EE001317F5 /* AwardsView.swift in Sources */ = {isa = PBXBuildFile; fileRef = AB02FDB428AA84EE001317F5 /* AwardsView.swift */; };
		ABA4C48F28A65D9600524F35 /* iProjectApp.swift in Sources */ = {isa = PBXBuildFile; fileRef = ABA4C48E28A65D9600524F35 /* iProjectApp.swift */; };
		ABA4C49128A65D9600524F35 /* ContentView.swift in Sources */ = {isa = PBXBuildFile; fileRef = ABA4C49028A65D9600524F35 /* ContentView.swift */; };
		ABA4C49328A65D9700524F35 /* Assets.xcassets in Resources */ = {isa = PBXBuildFile; fileRef = ABA4C49228A65D9700524F35 /* Assets.xcassets */; };
		ABA4C49628A65D9700524F35 /* Preview Assets.xcassets in Resources */ = {isa = PBXBuildFile; fileRef = ABA4C49528A65D9700524F35 /* Preview Assets.xcassets */; };
		ABA4C49E28A65E0300524F35 /* Main.xcdatamodeld in Sources */ = {isa = PBXBuildFile; fileRef = ABA4C49C28A65E0300524F35 /* Main.xcdatamodeld */; };
		ABA4C4A028A6606600524F35 /* DataController.swift in Sources */ = {isa = PBXBuildFile; fileRef = ABA4C49F28A6606600524F35 /* DataController.swift */; };
		ABA4C4A228A6667700524F35 /* HomeView.swift in Sources */ = {isa = PBXBuildFile; fileRef = ABA4C4A128A6667700524F35 /* HomeView.swift */; };
		ABA4C4A428A666EE00524F35 /* ProjectsView.swift in Sources */ = {isa = PBXBuildFile; fileRef = ABA4C4A328A666EE00524F35 /* ProjectsView.swift */; };
		ABA4C4A928A7F19C00524F35 /* EditItemView.swift in Sources */ = {isa = PBXBuildFile; fileRef = ABA4C4A828A7F19C00524F35 /* EditItemView.swift */; };
		ABA4C4AB28A7F72800524F35 /* ItemRow.swift in Sources */ = {isa = PBXBuildFile; fileRef = ABA4C4AA28A7F72800524F35 /* ItemRow.swift */; };
		ABA4C4AE28A7F86C00524F35 /* Item-CoreDataHelpers.swift in Sources */ = {isa = PBXBuildFile; fileRef = ABA4C4AD28A7F86C00524F35 /* Item-CoreDataHelpers.swift */; };
		ABA4C4B128A7F91A00524F35 /* Project-CoreDataHelpers.swift in Sources */ = {isa = PBXBuildFile; fileRef = ABA4C4B028A7F91A00524F35 /* Project-CoreDataHelpers.swift */; };
		ABA4C4B328A7FD5300524F35 /* Binding-onChange.swift in Sources */ = {isa = PBXBuildFile; fileRef = ABA4C4B228A7FD5300524F35 /* Binding-onChange.swift */; };
		ABA4C4B528A800F600524F35 /* ProjectHeader.swift in Sources */ = {isa = PBXBuildFile; fileRef = ABA4C4B428A800F600524F35 /* ProjectHeader.swift */; };
		ABA4C4DC28A8040400524F35 /* Colors.xcassets in Resources */ = {isa = PBXBuildFile; fileRef = ABA4C4DB28A8040400524F35 /* Colors.xcassets */; };
		ABA4C4DE28A804DE00524F35 /* EditProjectView.swift in Sources */ = {isa = PBXBuildFile; fileRef = ABA4C4DD28A804DE00524F35 /* EditProjectView.swift */; };
/* End PBXBuildFile section */

/* Begin PBXFileReference section */
		AB02FDA828A9473E001317F5 /* Sequence-Sorting.swift */ = {isa = PBXFileReference; lastKnownFileType = sourcecode.swift; path = "Sequence-Sorting.swift"; sourceTree = "<group>"; };
		AB02FDAC28A94F14001317F5 /* SelectSomethingView.swift */ = {isa = PBXFileReference; lastKnownFileType = sourcecode.swift; path = SelectSomethingView.swift; sourceTree = "<group>"; };
		AB02FDAE28AA82CC001317F5 /* Awards.json */ = {isa = PBXFileReference; fileEncoding = 4; lastKnownFileType = text.json; path = Awards.json; sourceTree = "<group>"; };
		AB02FDB028AA8320001317F5 /* Bundle-Decodable.swift */ = {isa = PBXFileReference; lastKnownFileType = sourcecode.swift; path = "Bundle-Decodable.swift"; sourceTree = "<group>"; };
		AB02FDB228AA8423001317F5 /* Award.swift */ = {isa = PBXFileReference; lastKnownFileType = sourcecode.swift; path = Award.swift; sourceTree = "<group>"; };
		AB02FDB428AA84EE001317F5 /* AwardsView.swift */ = {isa = PBXFileReference; lastKnownFileType = sourcecode.swift; path = AwardsView.swift; sourceTree = "<group>"; };
		ABA4C48B28A65D9600524F35 /* iProject.app */ = {isa = PBXFileReference; explicitFileType = wrapper.application; includeInIndex = 0; path = iProject.app; sourceTree = BUILT_PRODUCTS_DIR; };
		ABA4C48E28A65D9600524F35 /* iProjectApp.swift */ = {isa = PBXFileReference; lastKnownFileType = sourcecode.swift; path = iProjectApp.swift; sourceTree = "<group>"; };
		ABA4C49028A65D9600524F35 /* ContentView.swift */ = {isa = PBXFileReference; lastKnownFileType = sourcecode.swift; path = ContentView.swift; sourceTree = "<group>"; };
		ABA4C49228A65D9700524F35 /* Assets.xcassets */ = {isa = PBXFileReference; lastKnownFileType = folder.assetcatalog; path = Assets.xcassets; sourceTree = "<group>"; };
		ABA4C49528A65D9700524F35 /* Preview Assets.xcassets */ = {isa = PBXFileReference; lastKnownFileType = folder.assetcatalog; path = "Preview Assets.xcassets"; sourceTree = "<group>"; };
		ABA4C49D28A65E0300524F35 /* Main.xcdatamodel */ = {isa = PBXFileReference; lastKnownFileType = wrapper.xcdatamodel; path = Main.xcdatamodel; sourceTree = "<group>"; };
		ABA4C49F28A6606600524F35 /* DataController.swift */ = {isa = PBXFileReference; lastKnownFileType = sourcecode.swift; path = DataController.swift; sourceTree = "<group>"; };
		ABA4C4A128A6667700524F35 /* HomeView.swift */ = {isa = PBXFileReference; lastKnownFileType = sourcecode.swift; path = HomeView.swift; sourceTree = "<group>"; };
		ABA4C4A328A666EE00524F35 /* ProjectsView.swift */ = {isa = PBXFileReference; lastKnownFileType = sourcecode.swift; path = ProjectsView.swift; sourceTree = "<group>"; };
		ABA4C4A828A7F19C00524F35 /* EditItemView.swift */ = {isa = PBXFileReference; lastKnownFileType = sourcecode.swift; path = EditItemView.swift; sourceTree = "<group>"; };
		ABA4C4AA28A7F72800524F35 /* ItemRow.swift */ = {isa = PBXFileReference; lastKnownFileType = sourcecode.swift; path = ItemRow.swift; sourceTree = "<group>"; };
		ABA4C4AD28A7F86C00524F35 /* Item-CoreDataHelpers.swift */ = {isa = PBXFileReference; lastKnownFileType = sourcecode.swift; path = "Item-CoreDataHelpers.swift"; sourceTree = "<group>"; };
		ABA4C4B028A7F91A00524F35 /* Project-CoreDataHelpers.swift */ = {isa = PBXFileReference; lastKnownFileType = sourcecode.swift; path = "Project-CoreDataHelpers.swift"; sourceTree = "<group>"; };
		ABA4C4B228A7FD5300524F35 /* Binding-onChange.swift */ = {isa = PBXFileReference; lastKnownFileType = sourcecode.swift; path = "Binding-onChange.swift"; sourceTree = "<group>"; };
		ABA4C4B428A800F600524F35 /* ProjectHeader.swift */ = {isa = PBXFileReference; lastKnownFileType = sourcecode.swift; path = ProjectHeader.swift; sourceTree = "<group>"; };
		ABA4C4DB28A8040400524F35 /* Colors.xcassets */ = {isa = PBXFileReference; lastKnownFileType = folder.assetcatalog; path = Colors.xcassets; sourceTree = "<group>"; };
		ABA4C4DD28A804DE00524F35 /* EditProjectView.swift */ = {isa = PBXFileReference; lastKnownFileType = sourcecode.swift; path = EditProjectView.swift; sourceTree = "<group>"; };
/* End PBXFileReference section */

/* Begin PBXFrameworksBuildPhase section */
		ABA4C48828A65D9600524F35 /* Frameworks */ = {
			isa = PBXFrameworksBuildPhase;
			buildActionMask = 2147483647;
			files = (
			);
			runOnlyForDeploymentPostprocessing = 0;
		};
/* End PBXFrameworksBuildPhase section */

/* Begin PBXGroup section */
		ABA4C48228A65D9600524F35 = {
			isa = PBXGroup;
			children = (
				ABA4C48D28A65D9600524F35 /* iProject */,
				ABA4C48C28A65D9600524F35 /* Products */,
			);
			sourceTree = "<group>";
		};
		ABA4C48C28A65D9600524F35 /* Products */ = {
			isa = PBXGroup;
			children = (
				ABA4C48B28A65D9600524F35 /* iProject.app */,
			);
			name = Products;
			sourceTree = "<group>";
		};
		ABA4C48D28A65D9600524F35 /* iProject */ = {
			isa = PBXGroup;
			children = (
				ABA4C48E28A65D9600524F35 /* iProjectApp.swift */,
				ABA4C4AF28A7F90300524F35 /* Extensions */,
				ABA4C4AC28A7F73000524F35 /* Components */,
				ABA4C4A728A6671B00524F35 /* Models */,
				ABA4C4A528A666F600524F35 /* Views */,
				ABA4C4A628A6671400524F35 /* ViewModels */,
				AB02FDAE28AA82CC001317F5 /* Awards.json */,
				ABA4C49228A65D9700524F35 /* Assets.xcassets */,
				ABA4C4DB28A8040400524F35 /* Colors.xcassets */,
				ABA4C49428A65D9700524F35 /* Preview Content */,
			);
			path = iProject;
			sourceTree = "<group>";
		};
		ABA4C49428A65D9700524F35 /* Preview Content */ = {
			isa = PBXGroup;
			children = (
				ABA4C49528A65D9700524F35 /* Preview Assets.xcassets */,
			);
			path = "Preview Content";
			sourceTree = "<group>";
		};
		ABA4C4A528A666F600524F35 /* Views */ = {
			isa = PBXGroup;
			children = (
				ABA4C49028A65D9600524F35 /* ContentView.swift */,
				ABA4C4A128A6667700524F35 /* HomeView.swift */,
				ABA4C4A328A666EE00524F35 /* ProjectsView.swift */,
				ABA4C4A828A7F19C00524F35 /* EditItemView.swift */,
				ABA4C4DD28A804DE00524F35 /* EditProjectView.swift */,
				AB02FDAC28A94F14001317F5 /* SelectSomethingView.swift */,
				AB02FDB428AA84EE001317F5 /* AwardsView.swift */,
			);
			path = Views;
			sourceTree = "<group>";
		};
		ABA4C4A628A6671400524F35 /* ViewModels */ = {
			isa = PBXGroup;
			children = (
				ABA4C49F28A6606600524F35 /* DataController.swift */,
			);
			path = ViewModels;
			sourceTree = "<group>";
		};
		ABA4C4A728A6671B00524F35 /* Models */ = {
			isa = PBXGroup;
			children = (
				AB02FDB228AA8423001317F5 /* Award.swift */,
				ABA4C49C28A65E0300524F35 /* Main.xcdatamodeld */,
			);
			path = Models;
			sourceTree = "<group>";
		};
		ABA4C4AC28A7F73000524F35 /* Components */ = {
			isa = PBXGroup;
			children = (
				ABA4C4AA28A7F72800524F35 /* ItemRow.swift */,
				ABA4C4B428A800F600524F35 /* ProjectHeader.swift */,
			);
			path = Components;
			sourceTree = "<group>";
		};
		ABA4C4AF28A7F90300524F35 /* Extensions */ = {
			isa = PBXGroup;
			children = (
				AB02FDB028AA8320001317F5 /* Bundle-Decodable.swift */,
				ABA4C4B228A7FD5300524F35 /* Binding-onChange.swift */,
				ABA4C4AD28A7F86C00524F35 /* Item-CoreDataHelpers.swift */,
				ABA4C4B028A7F91A00524F35 /* Project-CoreDataHelpers.swift */,
				AB02FDA828A9473E001317F5 /* Sequence-Sorting.swift */,
			);
			path = Extensions;
			sourceTree = "<group>";
		};
/* End PBXGroup section */

/* Begin PBXNativeTarget section */
		ABA4C48A28A65D9600524F35 /* iProject */ = {
			isa = PBXNativeTarget;
			buildConfigurationList = ABA4C49928A65D9700524F35 /* Build configuration list for PBXNativeTarget "iProject" */;
			buildPhases = (
				ABA4C48728A65D9600524F35 /* Sources */,
				ABA4C48828A65D9600524F35 /* Frameworks */,
				ABA4C48928A65D9600524F35 /* Resources */,
			);
			buildRules = (
			);
			dependencies = (
			);
			name = iProject;
			productName = iProject;
			productReference = ABA4C48B28A65D9600524F35 /* iProject.app */;
			productType = "com.apple.product-type.application";
		};
/* End PBXNativeTarget section */

/* Begin PBXProject section */
		ABA4C48328A65D9600524F35 /* Project object */ = {
			isa = PBXProject;
			attributes = {
				BuildIndependentTargetsInParallel = 1;
				LastSwiftUpdateCheck = 1340;
				LastUpgradeCheck = 1340;
				TargetAttributes = {
					ABA4C48A28A65D9600524F35 = {
						CreatedOnToolsVersion = 13.4.1;
					};
				};
			};
			buildConfigurationList = ABA4C48628A65D9600524F35 /* Build configuration list for PBXProject "iProject" */;
			compatibilityVersion = "Xcode 13.0";
			developmentRegion = en;
			hasScannedForEncodings = 0;
			knownRegions = (
				en,
				Base,
			);
			mainGroup = ABA4C48228A65D9600524F35;
			productRefGroup = ABA4C48C28A65D9600524F35 /* Products */;
			projectDirPath = "";
			projectRoot = "";
			targets = (
				ABA4C48A28A65D9600524F35 /* iProject */,
			);
		};
/* End PBXProject section */

/* Begin PBXResourcesBuildPhase section */
		ABA4C48928A65D9600524F35 /* Resources */ = {
			isa = PBXResourcesBuildPhase;
			buildActionMask = 2147483647;
			files = (
				ABA4C4DC28A8040400524F35 /* Colors.xcassets in Resources */,
				AB02FDAF28AA82CC001317F5 /* Awards.json in Resources */,
				ABA4C49628A65D9700524F35 /* Preview Assets.xcassets in Resources */,
				ABA4C49328A65D9700524F35 /* Assets.xcassets in Resources */,
			);
			runOnlyForDeploymentPostprocessing = 0;
		};
/* End PBXResourcesBuildPhase section */

/* Begin PBXSourcesBuildPhase section */
		ABA4C48728A65D9600524F35 /* Sources */ = {
			isa = PBXSourcesBuildPhase;
			buildActionMask = 2147483647;
			files = (
				ABA4C4A428A666EE00524F35 /* ProjectsView.swift in Sources */,
				ABA4C49E28A65E0300524F35 /* Main.xcdatamodeld in Sources */,
				AB02FDB528AA84EE001317F5 /* AwardsView.swift in Sources */,
				ABA4C4A028A6606600524F35 /* DataController.swift in Sources */,
				ABA4C49128A65D9600524F35 /* ContentView.swift in Sources */,
				ABA4C4DE28A804DE00524F35 /* EditProjectView.swift in Sources */,
				ABA4C4B128A7F91A00524F35 /* Project-CoreDataHelpers.swift in Sources */,
				AB02FDAD28A94F14001317F5 /* SelectSomethingView.swift in Sources */,
				AB02FDB328AA8423001317F5 /* Award.swift in Sources */,
				ABA4C4B328A7FD5300524F35 /* Binding-onChange.swift in Sources */,
				ABA4C4B528A800F600524F35 /* ProjectHeader.swift in Sources */,
				ABA4C4A228A6667700524F35 /* HomeView.swift in Sources */,
				AB02FDA928A9473E001317F5 /* Sequence-Sorting.swift in Sources */,
				AB02FDB128AA8320001317F5 /* Bundle-Decodable.swift in Sources */,
				ABA4C48F28A65D9600524F35 /* iProjectApp.swift in Sources */,
				ABA4C4A928A7F19C00524F35 /* EditItemView.swift in Sources */,
				ABA4C4AB28A7F72800524F35 /* ItemRow.swift in Sources */,
				ABA4C4AE28A7F86C00524F35 /* Item-CoreDataHelpers.swift in Sources */,
			);
			runOnlyForDeploymentPostprocessing = 0;
		};
/* End PBXSourcesBuildPhase section */

/* Begin XCBuildConfiguration section */
		ABA4C49728A65D9700524F35 /* Debug */ = {
			isa = XCBuildConfiguration;
			buildSettings = {
				ALWAYS_SEARCH_USER_PATHS = NO;
				CLANG_ANALYZER_NONNULL = YES;
				CLANG_ANALYZER_NUMBER_OBJECT_CONVERSION = YES_AGGRESSIVE;
				CLANG_CXX_LANGUAGE_STANDARD = "gnu++17";
				CLANG_ENABLE_MODULES = YES;
				CLANG_ENABLE_OBJC_ARC = YES;
				CLANG_ENABLE_OBJC_WEAK = YES;
				CLANG_WARN_BLOCK_CAPTURE_AUTORELEASING = YES;
				CLANG_WARN_BOOL_CONVERSION = YES;
				CLANG_WARN_COMMA = YES;
				CLANG_WARN_CONSTANT_CONVERSION = YES;
				CLANG_WARN_DEPRECATED_OBJC_IMPLEMENTATIONS = YES;
				CLANG_WARN_DIRECT_OBJC_ISA_USAGE = YES_ERROR;
				CLANG_WARN_DOCUMENTATION_COMMENTS = YES;
				CLANG_WARN_EMPTY_BODY = YES;
				CLANG_WARN_ENUM_CONVERSION = YES;
				CLANG_WARN_INFINITE_RECURSION = YES;
				CLANG_WARN_INT_CONVERSION = YES;
				CLANG_WARN_NON_LITERAL_NULL_CONVERSION = YES;
				CLANG_WARN_OBJC_IMPLICIT_RETAIN_SELF = YES;
				CLANG_WARN_OBJC_LITERAL_CONVERSION = YES;
				CLANG_WARN_OBJC_ROOT_CLASS = YES_ERROR;
				CLANG_WARN_QUOTED_INCLUDE_IN_FRAMEWORK_HEADER = YES;
				CLANG_WARN_RANGE_LOOP_ANALYSIS = YES;
				CLANG_WARN_STRICT_PROTOTYPES = YES;
				CLANG_WARN_SUSPICIOUS_MOVE = YES;
				CLANG_WARN_UNGUARDED_AVAILABILITY = YES_AGGRESSIVE;
				CLANG_WARN_UNREACHABLE_CODE = YES;
				CLANG_WARN__DUPLICATE_METHOD_MATCH = YES;
				COPY_PHASE_STRIP = NO;
				DEBUG_INFORMATION_FORMAT = dwarf;
				ENABLE_STRICT_OBJC_MSGSEND = YES;
				ENABLE_TESTABILITY = YES;
				GCC_C_LANGUAGE_STANDARD = gnu11;
				GCC_DYNAMIC_NO_PIC = NO;
				GCC_NO_COMMON_BLOCKS = YES;
				GCC_OPTIMIZATION_LEVEL = 0;
				GCC_PREPROCESSOR_DEFINITIONS = (
					"DEBUG=1",
					"$(inherited)",
				);
				GCC_WARN_64_TO_32_BIT_CONVERSION = YES;
				GCC_WARN_ABOUT_RETURN_TYPE = YES_ERROR;
				GCC_WARN_UNDECLARED_SELECTOR = YES;
				GCC_WARN_UNINITIALIZED_AUTOS = YES_AGGRESSIVE;
				GCC_WARN_UNUSED_FUNCTION = YES;
				GCC_WARN_UNUSED_VARIABLE = YES;
				IPHONEOS_DEPLOYMENT_TARGET = 15.5;
				MTL_ENABLE_DEBUG_INFO = INCLUDE_SOURCE;
				MTL_FAST_MATH = YES;
				ONLY_ACTIVE_ARCH = YES;
				SDKROOT = iphoneos;
				SWIFT_ACTIVE_COMPILATION_CONDITIONS = DEBUG;
				SWIFT_OPTIMIZATION_LEVEL = "-Onone";
			};
			name = Debug;
		};
		ABA4C49828A65D9700524F35 /* Release */ = {
			isa = XCBuildConfiguration;
			buildSettings = {
				ALWAYS_SEARCH_USER_PATHS = NO;
				CLANG_ANALYZER_NONNULL = YES;
				CLANG_ANALYZER_NUMBER_OBJECT_CONVERSION = YES_AGGRESSIVE;
				CLANG_CXX_LANGUAGE_STANDARD = "gnu++17";
				CLANG_ENABLE_MODULES = YES;
				CLANG_ENABLE_OBJC_ARC = YES;
				CLANG_ENABLE_OBJC_WEAK = YES;
				CLANG_WARN_BLOCK_CAPTURE_AUTORELEASING = YES;
				CLANG_WARN_BOOL_CONVERSION = YES;
				CLANG_WARN_COMMA = YES;
				CLANG_WARN_CONSTANT_CONVERSION = YES;
				CLANG_WARN_DEPRECATED_OBJC_IMPLEMENTATIONS = YES;
				CLANG_WARN_DIRECT_OBJC_ISA_USAGE = YES_ERROR;
				CLANG_WARN_DOCUMENTATION_COMMENTS = YES;
				CLANG_WARN_EMPTY_BODY = YES;
				CLANG_WARN_ENUM_CONVERSION = YES;
				CLANG_WARN_INFINITE_RECURSION = YES;
				CLANG_WARN_INT_CONVERSION = YES;
				CLANG_WARN_NON_LITERAL_NULL_CONVERSION = YES;
				CLANG_WARN_OBJC_IMPLICIT_RETAIN_SELF = YES;
				CLANG_WARN_OBJC_LITERAL_CONVERSION = YES;
				CLANG_WARN_OBJC_ROOT_CLASS = YES_ERROR;
				CLANG_WARN_QUOTED_INCLUDE_IN_FRAMEWORK_HEADER = YES;
				CLANG_WARN_RANGE_LOOP_ANALYSIS = YES;
				CLANG_WARN_STRICT_PROTOTYPES = YES;
				CLANG_WARN_SUSPICIOUS_MOVE = YES;
				CLANG_WARN_UNGUARDED_AVAILABILITY = YES_AGGRESSIVE;
				CLANG_WARN_UNREACHABLE_CODE = YES;
				CLANG_WARN__DUPLICATE_METHOD_MATCH = YES;
				COPY_PHASE_STRIP = NO;
				DEBUG_INFORMATION_FORMAT = "dwarf-with-dsym";
				ENABLE_NS_ASSERTIONS = NO;
				ENABLE_STRICT_OBJC_MSGSEND = YES;
				GCC_C_LANGUAGE_STANDARD = gnu11;
				GCC_NO_COMMON_BLOCKS = YES;
				GCC_WARN_64_TO_32_BIT_CONVERSION = YES;
				GCC_WARN_ABOUT_RETURN_TYPE = YES_ERROR;
				GCC_WARN_UNDECLARED_SELECTOR = YES;
				GCC_WARN_UNINITIALIZED_AUTOS = YES_AGGRESSIVE;
				GCC_WARN_UNUSED_FUNCTION = YES;
				GCC_WARN_UNUSED_VARIABLE = YES;
				IPHONEOS_DEPLOYMENT_TARGET = 15.5;
				MTL_ENABLE_DEBUG_INFO = NO;
				MTL_FAST_MATH = YES;
				SDKROOT = iphoneos;
				SWIFT_COMPILATION_MODE = wholemodule;
				SWIFT_OPTIMIZATION_LEVEL = "-O";
				VALIDATE_PRODUCT = YES;
			};
			name = Release;
		};
		ABA4C49A28A65D9700524F35 /* Debug */ = {
			isa = XCBuildConfiguration;
			buildSettings = {
				ASSETCATALOG_COMPILER_APPICON_NAME = AppIcon;
				ASSETCATALOG_COMPILER_GLOBAL_ACCENT_COLOR_NAME = AccentColor;
				CODE_SIGN_STYLE = Automatic;
				CURRENT_PROJECT_VERSION = 1;
				DEVELOPMENT_ASSET_PATHS = "\"iProject/Preview Content\"";
				DEVELOPMENT_TEAM = 3KU8C49PA9;
				ENABLE_PREVIEWS = YES;
				GENERATE_INFOPLIST_FILE = YES;
				INFOPLIST_KEY_UIApplicationSceneManifest_Generation = YES;
				INFOPLIST_KEY_UIApplicationSupportsIndirectInputEvents = YES;
				INFOPLIST_KEY_UILaunchScreen_Generation = YES;
				INFOPLIST_KEY_UISupportedInterfaceOrientations_iPad = "UIInterfaceOrientationPortrait UIInterfaceOrientationPortraitUpsideDown UIInterfaceOrientationLandscapeLeft UIInterfaceOrientationLandscapeRight";
				INFOPLIST_KEY_UISupportedInterfaceOrientations_iPhone = "UIInterfaceOrientationPortrait UIInterfaceOrientationLandscapeLeft UIInterfaceOrientationLandscapeRight";
				LD_RUNPATH_SEARCH_PATHS = (
					"$(inherited)",
					"@executable_path/Frameworks",
				);
				MARKETING_VERSION = 1.0;
				PRODUCT_BUNDLE_IDENTIFIER = whythat.iProject;
				PRODUCT_NAME = "$(TARGET_NAME)";
				SWIFT_EMIT_LOC_STRINGS = YES;
				SWIFT_VERSION = 5.0;
				TARGETED_DEVICE_FAMILY = "1,2";
			};
			name = Debug;
		};
		ABA4C49B28A65D9700524F35 /* Release */ = {
			isa = XCBuildConfiguration;
			buildSettings = {
				ASSETCATALOG_COMPILER_APPICON_NAME = AppIcon;
				ASSETCATALOG_COMPILER_GLOBAL_ACCENT_COLOR_NAME = AccentColor;
				CODE_SIGN_STYLE = Automatic;
				CURRENT_PROJECT_VERSION = 1;
				DEVELOPMENT_ASSET_PATHS = "\"iProject/Preview Content\"";
				DEVELOPMENT_TEAM = 3KU8C49PA9;
				ENABLE_PREVIEWS = YES;
				GENERATE_INFOPLIST_FILE = YES;
				INFOPLIST_KEY_UIApplicationSceneManifest_Generation = YES;
				INFOPLIST_KEY_UIApplicationSupportsIndirectInputEvents = YES;
				INFOPLIST_KEY_UILaunchScreen_Generation = YES;
				INFOPLIST_KEY_UISupportedInterfaceOrientations_iPad = "UIInterfaceOrientationPortrait UIInterfaceOrientationPortraitUpsideDown UIInterfaceOrientationLandscapeLeft UIInterfaceOrientationLandscapeRight";
				INFOPLIST_KEY_UISupportedInterfaceOrientations_iPhone = "UIInterfaceOrientationPortrait UIInterfaceOrientationLandscapeLeft UIInterfaceOrientationLandscapeRight";
				LD_RUNPATH_SEARCH_PATHS = (
					"$(inherited)",
					"@executable_path/Frameworks",
				);
				MARKETING_VERSION = 1.0;
				PRODUCT_BUNDLE_IDENTIFIER = whythat.iProject;
				PRODUCT_NAME = "$(TARGET_NAME)";
				SWIFT_EMIT_LOC_STRINGS = YES;
				SWIFT_VERSION = 5.0;
				TARGETED_DEVICE_FAMILY = "1,2";
			};
			name = Release;
		};
/* End XCBuildConfiguration section */

/* Begin XCConfigurationList section */
		ABA4C48628A65D9600524F35 /* Build configuration list for PBXProject "iProject" */ = {
			isa = XCConfigurationList;
			buildConfigurations = (
				ABA4C49728A65D9700524F35 /* Debug */,
				ABA4C49828A65D9700524F35 /* Release */,
			);
			defaultConfigurationIsVisible = 0;
			defaultConfigurationName = Release;
		};
		ABA4C49928A65D9700524F35 /* Build configuration list for PBXNativeTarget "iProject" */ = {
			isa = XCConfigurationList;
			buildConfigurations = (
				ABA4C49A28A65D9700524F35 /* Debug */,
				ABA4C49B28A65D9700524F35 /* Release */,
			);
			defaultConfigurationIsVisible = 0;
			defaultConfigurationName = Release;
		};
/* End XCConfigurationList section */

/* Begin XCVersionGroup section */
		ABA4C49C28A65E0300524F35 /* Main.xcdatamodeld */ = {
			isa = XCVersionGroup;
			children = (
				ABA4C49D28A65E0300524F35 /* Main.xcdatamodel */,
			);
			currentVersion = ABA4C49D28A65E0300524F35 /* Main.xcdatamodel */;
			path = Main.xcdatamodeld;
			sourceTree = "<group>";
			versionGroupType = wrapper.xcdatamodel;
		};
/* End XCVersionGroup section */
	};
	rootObject = ABA4C48328A65D9600524F35 /* Project object */;
}
